// !$*UTF8*$!
{
	archiveVersion = 1;
	classes = {
	};
	objectVersion = 52;
	objects = {

/* Begin PBXBuildFile section */
		CE6D15A91C5E0AC900244F2A /* StatisticsViewController.xib in Resources */ = {isa = PBXBuildFile; fileRef = CE6D15A81C5E0AC900244F2A /* StatisticsViewController.xib */; };
		CE6D15AB1C5E0B3A00244F2A /* StatisticsView.swift in Sources */ = {isa = PBXBuildFile; fileRef = CE6D15AA1C5E0B3A00244F2A /* StatisticsView.swift */; };
		CE6D15AD1C5E0D8A00244F2A /* StatisticsViewController.swift in Sources */ = {isa = PBXBuildFile; fileRef = CE6D15AC1C5E0D8A00244F2A /* StatisticsViewController.swift */; };
		CE805A0F1C679946004DE508 /* Credits.rtf in Resources */ = {isa = PBXBuildFile; fileRef = CE805A0E1C679946004DE508 /* Credits.rtf */; };
		CEB27FB01C5C48AF0051F5E1 /* StatusMenuController.swift in Sources */ = {isa = PBXBuildFile; fileRef = CEB27FAF1C5C48AF0051F5E1 /* StatusMenuController.swift */; };
		CEB27FB31C5CB0DC0051F5E1 /* Statistic.swift in Sources */ = {isa = PBXBuildFile; fileRef = CEB27FB21C5CB0DC0051F5E1 /* Statistic.swift */; };
		CEB27FB51C5CB2200051F5E1 /* LocalizedName.swift in Sources */ = {isa = PBXBuildFile; fileRef = CEB27FB41C5CB2200051F5E1 /* LocalizedName.swift */; };
		CEB5AFC31B5D089600B79313 /* AppDelegate.swift in Sources */ = {isa = PBXBuildFile; fileRef = CEB5AFC21B5D089600B79313 /* AppDelegate.swift */; };
		CEB5AFC81B5D089600B79313 /* Images.xcassets in Resources */ = {isa = PBXBuildFile; fileRef = CEB5AFC71B5D089600B79313 /* Images.xcassets */; };
		CEB5AFCB1B5D089600B79313 /* MainMenu.xib in Resources */ = {isa = PBXBuildFile; fileRef = CEB5AFC91B5D089600B79313 /* MainMenu.xib */; };
		CEB5AFD71B5D089700B79313 /* madokaTests.swift in Sources */ = {isa = PBXBuildFile; fileRef = CEB5AFD61B5D089700B79313 /* madokaTests.swift */; };
		CEB5AFE11B5D40D300B79313 /* Localizable.strings in Resources */ = {isa = PBXBuildFile; fileRef = CEB5AFE01B5D40D300B79313 /* Localizable.strings */; };
		CEB5AFE31B5D43C100B79313 /* Constants.swift in Sources */ = {isa = PBXBuildFile; fileRef = CEB5AFE21B5D43C100B79313 /* Constants.swift */; };
		CEB5AFE51B5F0E7300B79313 /* MadokaService.swift in Sources */ = {isa = PBXBuildFile; fileRef = CEB5AFE41B5F0E7300B79313 /* MadokaService.swift */; };
		CEBBD1321DDFF9D500E642D6 /* AppDelegate.m in Sources */ = {isa = PBXBuildFile; fileRef = CEBBD1311DDFF9D500E642D6 /* AppDelegate.m */; };
		CEBBD1351DDFF9D500E642D6 /* main.m in Sources */ = {isa = PBXBuildFile; fileRef = CEBBD1341DDFF9D500E642D6 /* main.m */; };
		CEBBD1371DDFF9D500E642D6 /* Assets.xcassets in Resources */ = {isa = PBXBuildFile; fileRef = CEBBD1361DDFF9D500E642D6 /* Assets.xcassets */; };
		CEBBD1411DDFFA8700E642D6 /* MainMenu.xib in Resources */ = {isa = PBXBuildFile; fileRef = CEBBD1401DDFFA8700E642D6 /* MainMenu.xib */; };
		CEBBD1431DDFFF6300E642D6 /* madokaHelper.app in CopyFiles */ = {isa = PBXBuildFile; fileRef = CEBBD12E1DDFF9D500E642D6 /* madokaHelper.app */; settings = {ATTRIBUTES = (RemoveHeadersOnCopy, ); }; };
		CEEFC5E4257525DF008D9636 /* Realm in Frameworks */ = {isa = PBXBuildFile; productRef = CEEFC5E3257525DF008D9636 /* Realm */; };
		CEEFC5E6257525DF008D9636 /* RealmSwift in Frameworks */ = {isa = PBXBuildFile; productRef = CEEFC5E5257525DF008D9636 /* RealmSwift */; };
/* End PBXBuildFile section */

/* Begin PBXContainerItemProxy section */
		CEB5AFD11B5D089700B79313 /* PBXContainerItemProxy */ = {
			isa = PBXContainerItemProxy;
			containerPortal = CEB5AFB51B5D089600B79313 /* Project object */;
			proxyType = 1;
			remoteGlobalIDString = CEB5AFBC1B5D089600B79313;
			remoteInfo = madoka;
		};
/* End PBXContainerItemProxy section */

/* Begin PBXCopyFilesBuildPhase section */
		CEB5B01C1B76FDA900B79313 /* Embed Frameworks */ = {
			isa = PBXCopyFilesBuildPhase;
			buildActionMask = 2147483647;
			dstPath = "";
			dstSubfolderSpec = 10;
			files = (
			);
			name = "Embed Frameworks";
			runOnlyForDeploymentPostprocessing = 0;
		};
		CEBBD1421DDFFF4C00E642D6 /* CopyFiles */ = {
			isa = PBXCopyFilesBuildPhase;
			buildActionMask = 2147483647;
			dstPath = Contents/Library/LoginItems;
			dstSubfolderSpec = 1;
			files = (
				CEBBD1431DDFFF6300E642D6 /* madokaHelper.app in CopyFiles */,
			);
			runOnlyForDeploymentPostprocessing = 0;
		};
/* End PBXCopyFilesBuildPhase section */

/* Begin PBXFileReference section */
		CE6D15A81C5E0AC900244F2A /* StatisticsViewController.xib */ = {isa = PBXFileReference; fileEncoding = 4; lastKnownFileType = file.xib; path = StatisticsViewController.xib; sourceTree = "<group>"; };
		CE6D15AA1C5E0B3A00244F2A /* StatisticsView.swift */ = {isa = PBXFileReference; fileEncoding = 4; lastKnownFileType = sourcecode.swift; path = StatisticsView.swift; sourceTree = "<group>"; };
		CE6D15AC1C5E0D8A00244F2A /* StatisticsViewController.swift */ = {isa = PBXFileReference; fileEncoding = 4; lastKnownFileType = sourcecode.swift; path = StatisticsViewController.swift; sourceTree = "<group>"; };
		CE805A0E1C679946004DE508 /* Credits.rtf */ = {isa = PBXFileReference; fileEncoding = 4; lastKnownFileType = text.rtf; path = Credits.rtf; sourceTree = "<group>"; };
		CEB27FAF1C5C48AF0051F5E1 /* StatusMenuController.swift */ = {isa = PBXFileReference; fileEncoding = 4; lastKnownFileType = sourcecode.swift; path = StatusMenuController.swift; sourceTree = "<group>"; };
		CEB27FB11C5C4CBB0051F5E1 /* MyPlayground.playground */ = {isa = PBXFileReference; lastKnownFileType = file.playground; name = MyPlayground.playground; path = madoka/MyPlayground.playground; sourceTree = "<group>"; xcLanguageSpecificationIdentifier = xcode.lang.swift; };
		CEB27FB21C5CB0DC0051F5E1 /* Statistic.swift */ = {isa = PBXFileReference; fileEncoding = 4; lastKnownFileType = sourcecode.swift; path = Statistic.swift; sourceTree = "<group>"; };
		CEB27FB41C5CB2200051F5E1 /* LocalizedName.swift */ = {isa = PBXFileReference; fileEncoding = 4; lastKnownFileType = sourcecode.swift; path = LocalizedName.swift; sourceTree = "<group>"; };
		CEB5AFBD1B5D089600B79313 /* madoka.app */ = {isa = PBXFileReference; explicitFileType = wrapper.application; includeInIndex = 0; path = madoka.app; sourceTree = BUILT_PRODUCTS_DIR; };
		CEB5AFC11B5D089600B79313 /* Info.plist */ = {isa = PBXFileReference; lastKnownFileType = text.plist.xml; path = Info.plist; sourceTree = "<group>"; };
		CEB5AFC21B5D089600B79313 /* AppDelegate.swift */ = {isa = PBXFileReference; lastKnownFileType = sourcecode.swift; path = AppDelegate.swift; sourceTree = "<group>"; };
		CEB5AFC71B5D089600B79313 /* Images.xcassets */ = {isa = PBXFileReference; lastKnownFileType = folder.assetcatalog; path = Images.xcassets; sourceTree = "<group>"; };
		CEB5AFCA1B5D089600B79313 /* Base */ = {isa = PBXFileReference; lastKnownFileType = file.xib; name = Base; path = Base.lproj/MainMenu.xib; sourceTree = "<group>"; };
		CEB5AFD01B5D089700B79313 /* madokaTests.xctest */ = {isa = PBXFileReference; explicitFileType = wrapper.cfbundle; includeInIndex = 0; path = madokaTests.xctest; sourceTree = BUILT_PRODUCTS_DIR; };
		CEB5AFD51B5D089700B79313 /* Info.plist */ = {isa = PBXFileReference; lastKnownFileType = text.plist.xml; path = Info.plist; sourceTree = "<group>"; };
		CEB5AFD61B5D089700B79313 /* madokaTests.swift */ = {isa = PBXFileReference; lastKnownFileType = sourcecode.swift; path = madokaTests.swift; sourceTree = "<group>"; };
		CEB5AFE01B5D40D300B79313 /* Localizable.strings */ = {isa = PBXFileReference; fileEncoding = 4; lastKnownFileType = text.plist.strings; path = Localizable.strings; sourceTree = "<group>"; };
		CEB5AFE21B5D43C100B79313 /* Constants.swift */ = {isa = PBXFileReference; fileEncoding = 4; lastKnownFileType = sourcecode.swift; path = Constants.swift; sourceTree = "<group>"; };
		CEB5AFE41B5F0E7300B79313 /* MadokaService.swift */ = {isa = PBXFileReference; fileEncoding = 4; lastKnownFileType = sourcecode.swift; path = MadokaService.swift; sourceTree = "<group>"; };
		CEB5B0111B6C548400B79313 /* madoka.entitlements */ = {isa = PBXFileReference; lastKnownFileType = text.xml; path = madoka.entitlements; sourceTree = "<group>"; };
		CEBBD12E1DDFF9D500E642D6 /* madokaHelper.app */ = {isa = PBXFileReference; explicitFileType = wrapper.application; includeInIndex = 0; path = madokaHelper.app; sourceTree = BUILT_PRODUCTS_DIR; };
		CEBBD1301DDFF9D500E642D6 /* AppDelegate.h */ = {isa = PBXFileReference; lastKnownFileType = sourcecode.c.h; path = AppDelegate.h; sourceTree = "<group>"; };
		CEBBD1311DDFF9D500E642D6 /* AppDelegate.m */ = {isa = PBXFileReference; lastKnownFileType = sourcecode.c.objc; path = AppDelegate.m; sourceTree = "<group>"; };
		CEBBD1341DDFF9D500E642D6 /* main.m */ = {isa = PBXFileReference; lastKnownFileType = sourcecode.c.objc; path = main.m; sourceTree = "<group>"; };
		CEBBD1361DDFF9D500E642D6 /* Assets.xcassets */ = {isa = PBXFileReference; lastKnownFileType = folder.assetcatalog; path = Assets.xcassets; sourceTree = "<group>"; };
		CEBBD13B1DDFF9D500E642D6 /* Info.plist */ = {isa = PBXFileReference; lastKnownFileType = text.plist.xml; path = Info.plist; sourceTree = "<group>"; };
		CEBBD13F1DDFF9EB00E642D6 /* madokaHelper.entitlements */ = {isa = PBXFileReference; lastKnownFileType = text.plist.entitlements; path = madokaHelper.entitlements; sourceTree = "<group>"; };
		CEBBD1401DDFFA8700E642D6 /* MainMenu.xib */ = {isa = PBXFileReference; fileEncoding = 4; lastKnownFileType = file.xib; path = MainMenu.xib; sourceTree = "<group>"; };
/* End PBXFileReference section */

/* Begin PBXFrameworksBuildPhase section */
		CEB5AFBA1B5D089600B79313 /* Frameworks */ = {
			isa = PBXFrameworksBuildPhase;
			buildActionMask = 2147483647;
			files = (
				CEEFC5E6257525DF008D9636 /* RealmSwift in Frameworks */,
				CEEFC5E4257525DF008D9636 /* Realm in Frameworks */,
			);
			runOnlyForDeploymentPostprocessing = 0;
		};
		CEB5AFCD1B5D089700B79313 /* Frameworks */ = {
			isa = PBXFrameworksBuildPhase;
			buildActionMask = 2147483647;
			files = (
			);
			runOnlyForDeploymentPostprocessing = 0;
		};
		CEBBD12B1DDFF9D500E642D6 /* Frameworks */ = {
			isa = PBXFrameworksBuildPhase;
			buildActionMask = 2147483647;
			files = (
			);
			runOnlyForDeploymentPostprocessing = 0;
		};
/* End PBXFrameworksBuildPhase section */

/* Begin PBXGroup section */
		CEB5AFB41B5D089600B79313 = {
			isa = PBXGroup;
			children = (
				CEB5AFBF1B5D089600B79313 /* madoka */,
				CEB27FB11C5C4CBB0051F5E1 /* MyPlayground.playground */,
				CEB5AFD31B5D089700B79313 /* madokaTests */,
				CEBBD12F1DDFF9D500E642D6 /* madokaHelper */,
				CEB5AFBE1B5D089600B79313 /* Products */,
			);
			sourceTree = "<group>";
		};
		CEB5AFBE1B5D089600B79313 /* Products */ = {
			isa = PBXGroup;
			children = (
				CEB5AFBD1B5D089600B79313 /* madoka.app */,
				CEB5AFD01B5D089700B79313 /* madokaTests.xctest */,
				CEBBD12E1DDFF9D500E642D6 /* madokaHelper.app */,
			);
			name = Products;
			sourceTree = "<group>";
		};
		CEB5AFBF1B5D089600B79313 /* madoka */ = {
			isa = PBXGroup;
			children = (
				CEB5AFC21B5D089600B79313 /* AppDelegate.swift */,
				CEB5AFE21B5D43C100B79313 /* Constants.swift */,
				CEB27FB21C5CB0DC0051F5E1 /* Statistic.swift */,
				CEB27FB41C5CB2200051F5E1 /* LocalizedName.swift */,
				CEB5AFE41B5F0E7300B79313 /* MadokaService.swift */,
				CEB27FAF1C5C48AF0051F5E1 /* StatusMenuController.swift */,
				CE6D15AC1C5E0D8A00244F2A /* StatisticsViewController.swift */,
				CE6D15AA1C5E0B3A00244F2A /* StatisticsView.swift */,
				CEB5AFC71B5D089600B79313 /* Images.xcassets */,
				CEB5AFC91B5D089600B79313 /* MainMenu.xib */,
				CE6D15A81C5E0AC900244F2A /* StatisticsViewController.xib */,
				CEB5AFC01B5D089600B79313 /* Supporting Files */,
			);
			path = madoka;
			sourceTree = "<group>";
		};
		CEB5AFC01B5D089600B79313 /* Supporting Files */ = {
			isa = PBXGroup;
			children = (
				CEB5AFC11B5D089600B79313 /* Info.plist */,
				CEB5AFE01B5D40D300B79313 /* Localizable.strings */,
				CEB5B0111B6C548400B79313 /* madoka.entitlements */,
				CE805A0E1C679946004DE508 /* Credits.rtf */,
			);
			name = "Supporting Files";
			sourceTree = "<group>";
		};
		CEB5AFD31B5D089700B79313 /* madokaTests */ = {
			isa = PBXGroup;
			children = (
				CEB5AFD61B5D089700B79313 /* madokaTests.swift */,
				CEB5AFD41B5D089700B79313 /* Supporting Files */,
			);
			path = madokaTests;
			sourceTree = "<group>";
		};
		CEB5AFD41B5D089700B79313 /* Supporting Files */ = {
			isa = PBXGroup;
			children = (
				CEB5AFD51B5D089700B79313 /* Info.plist */,
			);
			name = "Supporting Files";
			sourceTree = "<group>";
		};
		CEBBD12F1DDFF9D500E642D6 /* madokaHelper */ = {
			isa = PBXGroup;
			children = (
				CEBBD1401DDFFA8700E642D6 /* MainMenu.xib */,
				CEBBD13F1DDFF9EB00E642D6 /* madokaHelper.entitlements */,
				CEBBD1301DDFF9D500E642D6 /* AppDelegate.h */,
				CEBBD1311DDFF9D500E642D6 /* AppDelegate.m */,
				CEBBD1361DDFF9D500E642D6 /* Assets.xcassets */,
				CEBBD13B1DDFF9D500E642D6 /* Info.plist */,
				CEBBD1331DDFF9D500E642D6 /* Supporting Files */,
			);
			path = madokaHelper;
			sourceTree = "<group>";
		};
		CEBBD1331DDFF9D500E642D6 /* Supporting Files */ = {
			isa = PBXGroup;
			children = (
				CEBBD1341DDFF9D500E642D6 /* main.m */,
			);
			name = "Supporting Files";
			sourceTree = "<group>";
		};
/* End PBXGroup section */

/* Begin PBXNativeTarget section */
		CEB5AFBC1B5D089600B79313 /* madoka */ = {
			isa = PBXNativeTarget;
			buildConfigurationList = CEB5AFDA1B5D089700B79313 /* Build configuration list for PBXNativeTarget "madoka" */;
			buildPhases = (
				CEB5AFB91B5D089600B79313 /* Sources */,
				CEB5AFBA1B5D089600B79313 /* Frameworks */,
				CEB5AFBB1B5D089600B79313 /* Resources */,
				CEB5B01C1B76FDA900B79313 /* Embed Frameworks */,
				CEBBD1421DDFFF4C00E642D6 /* CopyFiles */,
			);
			buildRules = (
			);
			dependencies = (
			);
			name = madoka;
			packageProductDependencies = (
				CEEFC5E3257525DF008D9636 /* Realm */,
				CEEFC5E5257525DF008D9636 /* RealmSwift */,
			);
			productName = madoka;
			productReference = CEB5AFBD1B5D089600B79313 /* madoka.app */;
			productType = "com.apple.product-type.application";
		};
		CEB5AFCF1B5D089700B79313 /* madokaTests */ = {
			isa = PBXNativeTarget;
			buildConfigurationList = CEB5AFDD1B5D089700B79313 /* Build configuration list for PBXNativeTarget "madokaTests" */;
			buildPhases = (
				CEB5AFCC1B5D089700B79313 /* Sources */,
				CEB5AFCD1B5D089700B79313 /* Frameworks */,
				CEB5AFCE1B5D089700B79313 /* Resources */,
			);
			buildRules = (
			);
			dependencies = (
				CEB5AFD21B5D089700B79313 /* PBXTargetDependency */,
			);
			name = madokaTests;
			productName = madokaTests;
			productReference = CEB5AFD01B5D089700B79313 /* madokaTests.xctest */;
			productType = "com.apple.product-type.bundle.unit-test";
		};
		CEBBD12D1DDFF9D500E642D6 /* madokaHelper */ = {
			isa = PBXNativeTarget;
			buildConfigurationList = CEBBD13E1DDFF9D500E642D6 /* Build configuration list for PBXNativeTarget "madokaHelper" */;
			buildPhases = (
				CEBBD12A1DDFF9D500E642D6 /* Sources */,
				CEBBD12B1DDFF9D500E642D6 /* Frameworks */,
				CEBBD12C1DDFF9D500E642D6 /* Resources */,
			);
			buildRules = (
			);
			dependencies = (
			);
			name = madokaHelper;
			productName = madokaHelper;
			productReference = CEBBD12E1DDFF9D500E642D6 /* madokaHelper.app */;
			productType = "com.apple.product-type.application";
		};
/* End PBXNativeTarget section */

/* Begin PBXProject section */
		CEB5AFB51B5D089600B79313 /* Project object */ = {
			isa = PBXProject;
			attributes = {
				LastSwiftMigration = 0710;
				LastSwiftUpdateCheck = 0710;
				LastUpgradeCheck = 1220;
				ORGANIZATIONNAME = mtgto;
				TargetAttributes = {
					CEB5AFBC1B5D089600B79313 = {
						CreatedOnToolsVersion = 6.4;
						DevelopmentTeam = W3A6B7FDC7;
						LastSwiftMigration = 0810;
						SystemCapabilities = {
							com.apple.ApplicationGroups.Mac = {
								enabled = 0;
							};
							com.apple.Sandbox = {
								enabled = 1;
							};
						};
					};
					CEB5AFCF1B5D089700B79313 = {
						CreatedOnToolsVersion = 6.4;
						LastSwiftMigration = 0810;
						TestTargetID = CEB5AFBC1B5D089600B79313;
					};
					CEBBD12D1DDFF9D500E642D6 = {
						CreatedOnToolsVersion = 8.1;
						DevelopmentTeam = W3A6B7FDC7;
						ProvisioningStyle = Automatic;
						SystemCapabilities = {
							com.apple.Sandbox = {
								enabled = 1;
							};
						};
					};
				};
			};
			buildConfigurationList = CEB5AFB81B5D089600B79313 /* Build configuration list for PBXProject "madoka" */;
			compatibilityVersion = "Xcode 3.2";
			developmentRegion = English;
			hasScannedForEncodings = 0;
			knownRegions = (
				English,
				en,
				Base,
			);
			mainGroup = CEB5AFB41B5D089600B79313;
			packageReferences = (
				CEEFC5E2257525DF008D9636 /* XCRemoteSwiftPackageReference "realm-cocoa" */,
			);
			productRefGroup = CEB5AFBE1B5D089600B79313 /* Products */;
			projectDirPath = "";
			projectRoot = "";
			targets = (
				CEB5AFBC1B5D089600B79313 /* madoka */,
				CEB5AFCF1B5D089700B79313 /* madokaTests */,
				CEBBD12D1DDFF9D500E642D6 /* madokaHelper */,
			);
		};
/* End PBXProject section */

/* Begin PBXResourcesBuildPhase section */
		CEB5AFBB1B5D089600B79313 /* Resources */ = {
			isa = PBXResourcesBuildPhase;
			buildActionMask = 2147483647;
			files = (
				CE805A0F1C679946004DE508 /* Credits.rtf in Resources */,
				CEB5AFC81B5D089600B79313 /* Images.xcassets in Resources */,
				CE6D15A91C5E0AC900244F2A /* StatisticsViewController.xib in Resources */,
				CEB5AFE11B5D40D300B79313 /* Localizable.strings in Resources */,
				CEB5AFCB1B5D089600B79313 /* MainMenu.xib in Resources */,
			);
			runOnlyForDeploymentPostprocessing = 0;
		};
		CEB5AFCE1B5D089700B79313 /* Resources */ = {
			isa = PBXResourcesBuildPhase;
			buildActionMask = 2147483647;
			files = (
			);
			runOnlyForDeploymentPostprocessing = 0;
		};
		CEBBD12C1DDFF9D500E642D6 /* Resources */ = {
			isa = PBXResourcesBuildPhase;
			buildActionMask = 2147483647;
			files = (
				CEBBD1371DDFF9D500E642D6 /* Assets.xcassets in Resources */,
				CEBBD1411DDFFA8700E642D6 /* MainMenu.xib in Resources */,
			);
			runOnlyForDeploymentPostprocessing = 0;
		};
/* End PBXResourcesBuildPhase section */

/* Begin PBXSourcesBuildPhase section */
		CEB5AFB91B5D089600B79313 /* Sources */ = {
			isa = PBXSourcesBuildPhase;
			buildActionMask = 2147483647;
			files = (
				CEB27FB01C5C48AF0051F5E1 /* StatusMenuController.swift in Sources */,
				CEB5AFE51B5F0E7300B79313 /* MadokaService.swift in Sources */,
				CEB5AFC31B5D089600B79313 /* AppDelegate.swift in Sources */,
				CE6D15AD1C5E0D8A00244F2A /* StatisticsViewController.swift in Sources */,
				CE6D15AB1C5E0B3A00244F2A /* StatisticsView.swift in Sources */,
				CEB5AFE31B5D43C100B79313 /* Constants.swift in Sources */,
				CEB27FB51C5CB2200051F5E1 /* LocalizedName.swift in Sources */,
				CEB27FB31C5CB0DC0051F5E1 /* Statistic.swift in Sources */,
			);
			runOnlyForDeploymentPostprocessing = 0;
		};
		CEB5AFCC1B5D089700B79313 /* Sources */ = {
			isa = PBXSourcesBuildPhase;
			buildActionMask = 2147483647;
			files = (
				CEB5AFD71B5D089700B79313 /* madokaTests.swift in Sources */,
			);
			runOnlyForDeploymentPostprocessing = 0;
		};
		CEBBD12A1DDFF9D500E642D6 /* Sources */ = {
			isa = PBXSourcesBuildPhase;
			buildActionMask = 2147483647;
			files = (
				CEBBD1351DDFF9D500E642D6 /* main.m in Sources */,
				CEBBD1321DDFF9D500E642D6 /* AppDelegate.m in Sources */,
			);
			runOnlyForDeploymentPostprocessing = 0;
		};
/* End PBXSourcesBuildPhase section */

/* Begin PBXTargetDependency section */
		CEB5AFD21B5D089700B79313 /* PBXTargetDependency */ = {
			isa = PBXTargetDependency;
			target = CEB5AFBC1B5D089600B79313 /* madoka */;
			targetProxy = CEB5AFD11B5D089700B79313 /* PBXContainerItemProxy */;
		};
/* End PBXTargetDependency section */

/* Begin PBXVariantGroup section */
		CEB5AFC91B5D089600B79313 /* MainMenu.xib */ = {
			isa = PBXVariantGroup;
			children = (
				CEB5AFCA1B5D089600B79313 /* Base */,
			);
			name = MainMenu.xib;
			sourceTree = "<group>";
		};
/* End PBXVariantGroup section */

/* Begin XCBuildConfiguration section */
		CEB5AFD81B5D089700B79313 /* Debug */ = {
			isa = XCBuildConfiguration;
			buildSettings = {
				ALWAYS_SEARCH_USER_PATHS = NO;
				CLANG_ANALYZER_LOCALIZABILITY_NONLOCALIZED = YES;
				CLANG_CXX_LANGUAGE_STANDARD = "gnu++0x";
				CLANG_CXX_LIBRARY = "libc++";
				CLANG_ENABLE_MODULES = YES;
				CLANG_ENABLE_OBJC_ARC = YES;
				CLANG_WARN_BLOCK_CAPTURE_AUTORELEASING = YES;
				CLANG_WARN_BOOL_CONVERSION = YES;
				CLANG_WARN_COMMA = YES;
				CLANG_WARN_CONSTANT_CONVERSION = YES;
				CLANG_WARN_DEPRECATED_OBJC_IMPLEMENTATIONS = YES;
				CLANG_WARN_DIRECT_OBJC_ISA_USAGE = YES_ERROR;
				CLANG_WARN_EMPTY_BODY = YES;
				CLANG_WARN_ENUM_CONVERSION = YES;
				CLANG_WARN_INFINITE_RECURSION = YES;
				CLANG_WARN_INT_CONVERSION = YES;
				CLANG_WARN_NON_LITERAL_NULL_CONVERSION = YES;
				CLANG_WARN_OBJC_IMPLICIT_RETAIN_SELF = YES;
				CLANG_WARN_OBJC_LITERAL_CONVERSION = YES;
				CLANG_WARN_OBJC_ROOT_CLASS = YES_ERROR;
				CLANG_WARN_QUOTED_INCLUDE_IN_FRAMEWORK_HEADER = YES;
				CLANG_WARN_RANGE_LOOP_ANALYSIS = YES;
				CLANG_WARN_STRICT_PROTOTYPES = YES;
				CLANG_WARN_SUSPICIOUS_MOVE = YES;
				CLANG_WARN_UNREACHABLE_CODE = YES;
				CLANG_WARN__DUPLICATE_METHOD_MATCH = YES;
				CODE_SIGN_IDENTITY = "-";
				COPY_PHASE_STRIP = NO;
				DEBUG_INFORMATION_FORMAT = dwarf;
				ENABLE_STRICT_OBJC_MSGSEND = YES;
				ENABLE_TESTABILITY = YES;
				GCC_C_LANGUAGE_STANDARD = gnu99;
				GCC_DYNAMIC_NO_PIC = NO;
				GCC_NO_COMMON_BLOCKS = YES;
				GCC_OPTIMIZATION_LEVEL = 0;
				GCC_PREPROCESSOR_DEFINITIONS = (
					"DEBUG=1",
					"$(inherited)",
				);
				GCC_SYMBOLS_PRIVATE_EXTERN = NO;
				GCC_WARN_64_TO_32_BIT_CONVERSION = YES;
				GCC_WARN_ABOUT_RETURN_TYPE = YES_ERROR;
				GCC_WARN_UNDECLARED_SELECTOR = YES;
				GCC_WARN_UNINITIALIZED_AUTOS = YES_AGGRESSIVE;
				GCC_WARN_UNUSED_FUNCTION = YES;
				GCC_WARN_UNUSED_VARIABLE = YES;
				MACOSX_DEPLOYMENT_TARGET = 10.10;
				MTL_ENABLE_DEBUG_INFO = YES;
				ONLY_ACTIVE_ARCH = YES;
				SDKROOT = macosx;
				SWIFT_OPTIMIZATION_LEVEL = "-Onone";
			};
			name = Debug;
		};
		CEB5AFD91B5D089700B79313 /* Release */ = {
			isa = XCBuildConfiguration;
			buildSettings = {
				ALWAYS_SEARCH_USER_PATHS = NO;
				CLANG_ANALYZER_LOCALIZABILITY_NONLOCALIZED = YES;
				CLANG_CXX_LANGUAGE_STANDARD = "gnu++0x";
				CLANG_CXX_LIBRARY = "libc++";
				CLANG_ENABLE_MODULES = YES;
				CLANG_ENABLE_OBJC_ARC = YES;
				CLANG_WARN_BLOCK_CAPTURE_AUTORELEASING = YES;
				CLANG_WARN_BOOL_CONVERSION = YES;
				CLANG_WARN_COMMA = YES;
				CLANG_WARN_CONSTANT_CONVERSION = YES;
				CLANG_WARN_DEPRECATED_OBJC_IMPLEMENTATIONS = YES;
				CLANG_WARN_DIRECT_OBJC_ISA_USAGE = YES_ERROR;
				CLANG_WARN_EMPTY_BODY = YES;
				CLANG_WARN_ENUM_CONVERSION = YES;
				CLANG_WARN_INFINITE_RECURSION = YES;
				CLANG_WARN_INT_CONVERSION = YES;
				CLANG_WARN_NON_LITERAL_NULL_CONVERSION = YES;
				CLANG_WARN_OBJC_IMPLICIT_RETAIN_SELF = YES;
				CLANG_WARN_OBJC_LITERAL_CONVERSION = YES;
				CLANG_WARN_OBJC_ROOT_CLASS = YES_ERROR;
				CLANG_WARN_QUOTED_INCLUDE_IN_FRAMEWORK_HEADER = YES;
				CLANG_WARN_RANGE_LOOP_ANALYSIS = YES;
				CLANG_WARN_STRICT_PROTOTYPES = YES;
				CLANG_WARN_SUSPICIOUS_MOVE = YES;
				CLANG_WARN_UNREACHABLE_CODE = YES;
				CLANG_WARN__DUPLICATE_METHOD_MATCH = YES;
				CODE_SIGN_IDENTITY = "-";
				COPY_PHASE_STRIP = NO;
				DEBUG_INFORMATION_FORMAT = "dwarf-with-dsym";
				ENABLE_NS_ASSERTIONS = NO;
				ENABLE_STRICT_OBJC_MSGSEND = YES;
				GCC_C_LANGUAGE_STANDARD = gnu99;
				GCC_NO_COMMON_BLOCKS = YES;
				GCC_WARN_64_TO_32_BIT_CONVERSION = YES;
				GCC_WARN_ABOUT_RETURN_TYPE = YES_ERROR;
				GCC_WARN_UNDECLARED_SELECTOR = YES;
				GCC_WARN_UNINITIALIZED_AUTOS = YES_AGGRESSIVE;
				GCC_WARN_UNUSED_FUNCTION = YES;
				GCC_WARN_UNUSED_VARIABLE = YES;
				MACOSX_DEPLOYMENT_TARGET = 10.10;
				MTL_ENABLE_DEBUG_INFO = NO;
				SDKROOT = macosx;
				SWIFT_COMPILATION_MODE = wholemodule;
				SWIFT_OPTIMIZATION_LEVEL = "-O";
			};
			name = Release;
		};
		CEB5AFDB1B5D089700B79313 /* Debug */ = {
			isa = XCBuildConfiguration;
			buildSettings = {
				ASSETCATALOG_COMPILER_APPICON_NAME = AppIcon;
				CODE_SIGN_ENTITLEMENTS = madoka/madoka.entitlements;
				CODE_SIGN_IDENTITY = "Mac Developer";
				COMBINE_HIDPI_IMAGES = YES;
				CURRENT_PROJECT_VERSION = 5;
				DEVELOPMENT_TEAM = W3A6B7FDC7;
				ENABLE_HARDENED_RUNTIME = YES;
				INFOPLIST_FILE = madoka/Info.plist;
				LD_RUNPATH_SEARCH_PATHS = (
					"$(inherited)",
					"@executable_path/../Frameworks",
				);
				MACOSX_DEPLOYMENT_TARGET = 10.10;
				MARKETING_VERSION = 1.0.3;
				PRODUCT_BUNDLE_IDENTIFIER = "net.mtgto.$(PRODUCT_NAME:rfc1034identifier)";
				PRODUCT_NAME = "$(TARGET_NAME)";
				SWIFT_VERSION = 5.0;
			};
			name = Debug;
		};
		CEB5AFDC1B5D089700B79313 /* Release */ = {
			isa = XCBuildConfiguration;
			buildSettings = {
				ASSETCATALOG_COMPILER_APPICON_NAME = AppIcon;
				CODE_SIGN_ENTITLEMENTS = madoka/madoka.entitlements;
				CODE_SIGN_IDENTITY = "Mac Developer";
				COMBINE_HIDPI_IMAGES = YES;
				CURRENT_PROJECT_VERSION = 5;
				DEVELOPMENT_TEAM = W3A6B7FDC7;
				ENABLE_HARDENED_RUNTIME = YES;
				INFOPLIST_FILE = madoka/Info.plist;
				LD_RUNPATH_SEARCH_PATHS = (
					"$(inherited)",
					"@executable_path/../Frameworks",
				);
				MACOSX_DEPLOYMENT_TARGET = 10.10;
				MARKETING_VERSION = 1.0.3;
				PRODUCT_BUNDLE_IDENTIFIER = "net.mtgto.$(PRODUCT_NAME:rfc1034identifier)";
				PRODUCT_NAME = "$(TARGET_NAME)";
				SWIFT_VERSION = 5.0;
			};
			name = Release;
		};
		CEB5AFDE1B5D089700B79313 /* Debug */ = {
			isa = XCBuildConfiguration;
			buildSettings = {
				BUNDLE_LOADER = "$(TEST_HOST)";
				COMBINE_HIDPI_IMAGES = YES;
				FRAMEWORK_SEARCH_PATHS = (
					"$(DEVELOPER_FRAMEWORKS_DIR)",
					"$(inherited)",
				);
				GCC_PREPROCESSOR_DEFINITIONS = (
					"DEBUG=1",
					"$(inherited)",
				);
				INFOPLIST_FILE = madokaTests/Info.plist;
				LD_RUNPATH_SEARCH_PATHS = (
					"$(inherited)",
					"@executable_path/../Frameworks",
					"@loader_path/../Frameworks",
				);
				PRODUCT_BUNDLE_IDENTIFIER = "net.mtgto.$(PRODUCT_NAME:rfc1034identifier)";
				PRODUCT_NAME = "$(TARGET_NAME)";
				SWIFT_VERSION = 3.0;
				TEST_HOST = "$(BUILT_PRODUCTS_DIR)/madoka.app/Contents/MacOS/madoka";
			};
			name = Debug;
		};
		CEB5AFDF1B5D089700B79313 /* Release */ = {
			isa = XCBuildConfiguration;
			buildSettings = {
				BUNDLE_LOADER = "$(TEST_HOST)";
				COMBINE_HIDPI_IMAGES = YES;
				FRAMEWORK_SEARCH_PATHS = (
					"$(DEVELOPER_FRAMEWORKS_DIR)",
					"$(inherited)",
				);
				INFOPLIST_FILE = madokaTests/Info.plist;
				LD_RUNPATH_SEARCH_PATHS = (
					"$(inherited)",
					"@executable_path/../Frameworks",
					"@loader_path/../Frameworks",
				);
				PRODUCT_BUNDLE_IDENTIFIER = "net.mtgto.$(PRODUCT_NAME:rfc1034identifier)";
				PRODUCT_NAME = "$(TARGET_NAME)";
				SWIFT_VERSION = 3.0;
				TEST_HOST = "$(BUILT_PRODUCTS_DIR)/madoka.app/Contents/MacOS/madoka";
			};
			name = Release;
		};
		CEBBD13C1DDFF9D500E642D6 /* Debug */ = {
			isa = XCBuildConfiguration;
			buildSettings = {
				ASSETCATALOG_COMPILER_APPICON_NAME = AppIcon;
				CLANG_ANALYZER_NONNULL = YES;
				CLANG_WARN_DOCUMENTATION_COMMENTS = YES;
				CLANG_WARN_SUSPICIOUS_MOVES = YES;
				CODE_SIGN_ENTITLEMENTS = madokaHelper/madokaHelper.entitlements;
				CODE_SIGN_IDENTITY = "Mac Developer";
				COMBINE_HIDPI_IMAGES = YES;
				DEVELOPMENT_TEAM = W3A6B7FDC7;
				ENABLE_HARDENED_RUNTIME = YES;
				INFOPLIST_FILE = madokaHelper/Info.plist;
				LD_RUNPATH_SEARCH_PATHS = (
					"$(inherited)",
					"@executable_path/../Frameworks",
				);
				MACOSX_DEPLOYMENT_TARGET = 10.10;
				PRODUCT_BUNDLE_IDENTIFIER = net.mtgto.madokaHelper;
				PRODUCT_NAME = "$(TARGET_NAME)";
				SKIP_INSTALL = YES;
			};
			name = Debug;
		};
		CEBBD13D1DDFF9D500E642D6 /* Release */ = {
			isa = XCBuildConfiguration;
			buildSettings = {
				ASSETCATALOG_COMPILER_APPICON_NAME = AppIcon;
				CLANG_ANALYZER_NONNULL = YES;
				CLANG_WARN_DOCUMENTATION_COMMENTS = YES;
				CLANG_WARN_SUSPICIOUS_MOVES = YES;
				CODE_SIGN_ENTITLEMENTS = madokaHelper/madokaHelper.entitlements;
				CODE_SIGN_IDENTITY = "Mac Developer";
				COMBINE_HIDPI_IMAGES = YES;
				DEVELOPMENT_TEAM = W3A6B7FDC7;
				ENABLE_HARDENED_RUNTIME = YES;
				INFOPLIST_FILE = madokaHelper/Info.plist;
				LD_RUNPATH_SEARCH_PATHS = (
					"$(inherited)",
					"@executable_path/../Frameworks",
				);
				MACOSX_DEPLOYMENT_TARGET = 10.10;
				PRODUCT_BUNDLE_IDENTIFIER = net.mtgto.madokaHelper;
				PRODUCT_NAME = "$(TARGET_NAME)";
				SKIP_INSTALL = YES;
			};
			name = Release;
		};
/* End XCBuildConfiguration section */

/* Begin XCConfigurationList section */
		CEB5AFB81B5D089600B79313 /* Build configuration list for PBXProject "madoka" */ = {
			isa = XCConfigurationList;
			buildConfigurations = (
				CEB5AFD81B5D089700B79313 /* Debug */,
				CEB5AFD91B5D089700B79313 /* Release */,
			);
			defaultConfigurationIsVisible = 0;
			defaultConfigurationName = Release;
		};
		CEB5AFDA1B5D089700B79313 /* Build configuration list for PBXNativeTarget "madoka" */ = {
			isa = XCConfigurationList;
			buildConfigurations = (
				CEB5AFDB1B5D089700B79313 /* Debug */,
				CEB5AFDC1B5D089700B79313 /* Release */,
			);
			defaultConfigurationIsVisible = 0;
			defaultConfigurationName = Release;
		};
		CEB5AFDD1B5D089700B79313 /* Build configuration list for PBXNativeTarget "madokaTests" */ = {
			isa = XCConfigurationList;
			buildConfigurations = (
				CEB5AFDE1B5D089700B79313 /* Debug */,
				CEB5AFDF1B5D089700B79313 /* Release */,
			);
			defaultConfigurationIsVisible = 0;
			defaultConfigurationName = Release;
		};
		CEBBD13E1DDFF9D500E642D6 /* Build configuration list for PBXNativeTarget "madokaHelper" */ = {
			isa = XCConfigurationList;
			buildConfigurations = (
				CEBBD13C1DDFF9D500E642D6 /* Debug */,
				CEBBD13D1DDFF9D500E642D6 /* Release */,
			);
			defaultConfigurationIsVisible = 0;
			defaultConfigurationName = Release;
		};
/* End XCConfigurationList section */

/* Begin XCRemoteSwiftPackageReference section */
		CEEFC5E2257525DF008D9636 /* XCRemoteSwiftPackageReference "realm-cocoa" */ = {
			isa = XCRemoteSwiftPackageReference;
			repositoryURL = "https://github.com/realm/realm-cocoa.git";
			requirement = {
				kind = upToNextMajorVersion;
				minimumVersion = 5.5.0;
			};
		};
/* End XCRemoteSwiftPackageReference section */

/* Begin XCSwiftPackageProductDependency section */
		CEEFC5E3257525DF008D9636 /* Realm */ = {
			isa = XCSwiftPackageProductDependency;
			package = CEEFC5E2257525DF008D9636 /* XCRemoteSwiftPackageReference "realm-cocoa" */;
			productName = Realm;
		};
		CEEFC5E5257525DF008D9636 /* RealmSwift */ = {
			isa = XCSwiftPackageProductDependency;
			package = CEEFC5E2257525DF008D9636 /* XCRemoteSwiftPackageReference "realm-cocoa" */;
			productName = RealmSwift;
		};
/* End XCSwiftPackageProductDependency section */
	};
	rootObject = CEB5AFB51B5D089600B79313 /* Project object */;
}
